
Microsoft Visual Studio Solution File, Format Version 12.00
# Visual Studio Version 16
VisualStudioVersion = 16.0.31729.503
MinimumVisualStudioVersion = 10.0.40219.1
Project("{9A19103F-16F7-4668-BE54-9A1E7A4F7556}") = "WoWsShipBuilder.UI", "WoWsShipBuilder.UI\WoWsShipBuilder.UI.csproj", "{EEF97171-B405-488E-A45D-DCDF8DCF0761}"
EndProject
Project("{2150E333-8FDC-42A3-9474-1A3956D46DE8}") = "Configs", "Configs", "{0F126505-29E2-4212-ABA2-877D806875FA}"
	ProjectSection(SolutionItems) = preProject
		.editorconfig = .editorconfig
		.gitignore = .gitignore
		ResharperFileLayout.xml = ResharperFileLayout.xml
		stylecop.json = stylecop.json
	EndProjectSection
EndProject
Project("{2150E333-8FDC-42A3-9474-1A3956D46DE8}") = "Docs", "Docs", "{43EE144D-CA52-44D5-B761-A27C0A37E1C5}"
	ProjectSection(SolutionItems) = preProject
		LICENSE = LICENSE
		README.md = README.md
		ReleaseNotes.md = ReleaseNotes.md
	EndProjectSection
EndProject
Project("{9A19103F-16F7-4668-BE54-9A1E7A4F7556}") = "WoWsShipBuilder.Core", "WoWsShipBuilder.Core\WoWsShipBuilder.Core.csproj", "{40CA0E08-60F8-4C3F-B2D3-30BF3033A67C}"
EndProject
Project("{9A19103F-16F7-4668-BE54-9A1E7A4F7556}") = "WoWsShipBuilder.Core.Test", "WoWsShipBuilder.Core.Test\WoWsShipBuilder.Core.Test.csproj", "{696D5003-8412-411E-B4C6-ADC85FB1C54B}"
EndProject
Project("{2150E333-8FDC-42A3-9474-1A3956D46DE8}") = "GitHub Workflows", "GitHub Workflows", "{C5D1C2CC-CDA1-47AC-8329-8CBFDB751341}"
	ProjectSection(SolutionItems) = preProject
		.github\workflows\deployment.yml = .github\workflows\deployment.yml
		.github\workflows\dotnet-build.yml = .github\workflows\dotnet-build.yml
		.github\workflows\dotnet-dev-build.yml = .github\workflows\dotnet-dev-build.yml
		.github\workflows\main-pr-check.yml = .github\workflows\main-pr-check.yml
	EndProjectSection
EndProject
Project("{9A19103F-16F7-4668-BE54-9A1E7A4F7556}") = "WoWsShipBuilder.ReleaseTest", "WoWsShipBuilder.ReleaseTest\WoWsShipBuilder.ReleaseTest.csproj", "{282ECA58-2A33-40FC-9CD8-773E093BF8FD}"
EndProject
Project("{FAE04EC0-301F-11D3-BF4B-00C04F79EFBC}") = "WoWsShipBuilder.ViewModels", "WoWsShipBuilder.ViewModels\WoWsShipBuilder.ViewModels.csproj", "{626F3A0B-EB77-437B-9760-2B34B113B301}"
EndProject
Global
	GlobalSection(SolutionConfigurationPlatforms) = preSolution
		Debug|Any CPU = Debug|Any CPU
		Release|Any CPU = Release|Any CPU
		ReleaseTest|Any CPU = ReleaseTest|Any CPU
	EndGlobalSection
	GlobalSection(ProjectConfigurationPlatforms) = postSolution
		{EEF97171-B405-488E-A45D-DCDF8DCF0761}.Debug|Any CPU.ActiveCfg = Debug|Any CPU
		{EEF97171-B405-488E-A45D-DCDF8DCF0761}.Debug|Any CPU.Build.0 = Debug|Any CPU
		{EEF97171-B405-488E-A45D-DCDF8DCF0761}.Release|Any CPU.ActiveCfg = Release|Any CPU
		{EEF97171-B405-488E-A45D-DCDF8DCF0761}.Release|Any CPU.Build.0 = Release|Any CPU
		{EEF97171-B405-488E-A45D-DCDF8DCF0761}.ReleaseTest|Any CPU.ActiveCfg = Release|Any CPU
		{EEF97171-B405-488E-A45D-DCDF8DCF0761}.ReleaseTest|Any CPU.Build.0 = Release|Any CPU
		{40CA0E08-60F8-4C3F-B2D3-30BF3033A67C}.Debug|Any CPU.ActiveCfg = Debug|Any CPU
		{40CA0E08-60F8-4C3F-B2D3-30BF3033A67C}.Debug|Any CPU.Build.0 = Debug|Any CPU
		{40CA0E08-60F8-4C3F-B2D3-30BF3033A67C}.Release|Any CPU.ActiveCfg = Release|Any CPU
		{40CA0E08-60F8-4C3F-B2D3-30BF3033A67C}.Release|Any CPU.Build.0 = Release|Any CPU
		{40CA0E08-60F8-4C3F-B2D3-30BF3033A67C}.ReleaseTest|Any CPU.ActiveCfg = Release|Any CPU
		{40CA0E08-60F8-4C3F-B2D3-30BF3033A67C}.ReleaseTest|Any CPU.Build.0 = Release|Any CPU
		{696D5003-8412-411E-B4C6-ADC85FB1C54B}.Debug|Any CPU.ActiveCfg = Debug|Any CPU
		{696D5003-8412-411E-B4C6-ADC85FB1C54B}.Debug|Any CPU.Build.0 = Debug|Any CPU
		{696D5003-8412-411E-B4C6-ADC85FB1C54B}.Release|Any CPU.ActiveCfg = Release|Any CPU
		{696D5003-8412-411E-B4C6-ADC85FB1C54B}.Release|Any CPU.Build.0 = Release|Any CPU
		{696D5003-8412-411E-B4C6-ADC85FB1C54B}.ReleaseTest|Any CPU.ActiveCfg = Release|Any CPU
		{696D5003-8412-411E-B4C6-ADC85FB1C54B}.ReleaseTest|Any CPU.Build.0 = Release|Any CPU
		{282ECA58-2A33-40FC-9CD8-773E093BF8FD}.Debug|Any CPU.ActiveCfg = Debug|Any CPU
		{282ECA58-2A33-40FC-9CD8-773E093BF8FD}.Release|Any CPU.ActiveCfg = Release|Any CPU
		{282ECA58-2A33-40FC-9CD8-773E093BF8FD}.ReleaseTest|Any CPU.ActiveCfg = Release|Any CPU
		{282ECA58-2A33-40FC-9CD8-773E093BF8FD}.ReleaseTest|Any CPU.Build.0 = Release|Any CPU
		{626F3A0B-EB77-437B-9760-2B34B113B301}.Debug|Any CPU.ActiveCfg = Debug|Any CPU
		{626F3A0B-EB77-437B-9760-2B34B113B301}.Debug|Any CPU.Build.0 = Debug|Any CPU
		{626F3A0B-EB77-437B-9760-2B34B113B301}.Release|Any CPU.ActiveCfg = Release|Any CPU
		{626F3A0B-EB77-437B-9760-2B34B113B301}.Release|Any CPU.Build.0 = Release|Any CPU
		{626F3A0B-EB77-437B-9760-2B34B113B301}.ReleaseTest|Any CPU.ActiveCfg = Debug|Any CPU
		{626F3A0B-EB77-437B-9760-2B34B113B301}.ReleaseTest|Any CPU.Build.0 = Debug|Any CPU
	EndGlobalSection
EndGlobal
