
Microsoft Visual Studio Solution File, Format Version 12.00
# Visual Studio Version 16
VisualStudioVersion = 16.0.31729.503
MinimumVisualStudioVersion = 10.0.40219.1
Project("{9A19103F-16F7-4668-BE54-9A1E7A4F7556}") = "WoWsShipBuilder.Desktop", "WoWsShipBuilder.Desktop\WoWsShipBuilder.Desktop.csproj", "{EEF97171-B405-488E-A45D-DCDF8DCF0761}"
EndProject
Project("{2150E333-8FDC-42A3-9474-1A3956D46DE8}") = "Configs", "Configs", "{0F126505-29E2-4212-ABA2-877D806875FA}"
	ProjectSection(SolutionItems) = preProject
		.editorconfig = .editorconfig
		.gitignore = .gitignore
		ResharperFileLayout.xml = ResharperFileLayout.xml
		stylecop.json = stylecop.json
	EndProjectSection
EndProject
Project("{2150E333-8FDC-42A3-9474-1A3956D46DE8}") = "Docs", "Docs", "{43EE144D-CA52-44D5-B761-A27C0A37E1C5}"
	ProjectSection(SolutionItems) = preProject
		LICENSE = LICENSE
		README.md = README.md
		ReleaseNotes.md = ReleaseNotes.md
	EndProjectSection
EndProject
Project("{2150E333-8FDC-42A3-9474-1A3956D46DE8}") = "GitHub Workflows", "GitHub Workflows", "{C5D1C2CC-CDA1-47AC-8329-8CBFDB751341}"
	ProjectSection(SolutionItems) = preProject
		.github\workflows\deployment.yml = .github\workflows\deployment.yml
		.github\workflows\dotnet-build.yml = .github\workflows\dotnet-build.yml
		.github\workflows\dotnet-dev-build.yml = .github\workflows\dotnet-dev-build.yml
		.github\workflows\desktop-release-check.yml = .github\workflows\desktop-release-check.yml
		.github\workflows\sonar-code-analysis.yml = .github\workflows\sonar-code-analysis.yml
		.github\workflows\web-docker-build.yml = .github\workflows\web-docker-build.yml
		.github\workflows\web-release-check.yaml = .github\workflows\web-release-check.yaml
	EndProjectSection
EndProject
Project("{9A19103F-16F7-4668-BE54-9A1E7A4F7556}") = "WoWsShipBuilder.ReleaseTest", "WoWsShipBuilder.ReleaseTest\WoWsShipBuilder.ReleaseTest.csproj", "{282ECA58-2A33-40FC-9CD8-773E093BF8FD}"
EndProject
Project("{FAE04EC0-301F-11D3-BF4B-00C04F79EFBC}") = "WoWsShipBuilder.Web", "WoWsShipBuilder.Web\WoWsShipBuilder.Web.csproj", "{D0FAB2EE-BAD4-4A7A-B9AD-1FC1565E13CC}"
EndProject
Project("{FAE04EC0-301F-11D3-BF4B-00C04F79EFBC}") = "WoWsShipBuilder.Web.Test", "WoWsShipBuilder.Web.Test\WoWsShipBuilder.Web.Test.csproj", "{EB9B20AB-09DC-447C-948F-ABEB0E240E7B}"
EndProject
Project("{FAE04EC0-301F-11D3-BF4B-00C04F79EFBC}") = "WoWsShipBuilder.Data.Generator", "WoWsShipBuilder.Data.Generator\WoWsShipBuilder.Data.Generator.csproj", "{20ECB4C1-F0B2-48D5-B3A5-0684C0F9705C}"
EndProject
Project("{FAE04EC0-301F-11D3-BF4B-00C04F79EFBC}") = "WoWsShipBuilder.Data.Generator.Test", "WoWsShipBuilder.Data.Generator.Test\WoWsShipBuilder.Data.Generator.Test.csproj", "{0D42323B-A853-4968-94B2-4BD6C8CC3103}"
EndProject
Project("{FAE04EC0-301F-11D3-BF4B-00C04F79EFBC}") = "WoWsShipBuilder.DataElements", "WoWsShipBuilder.DataElements\WoWsShipBuilder.DataElements.csproj", "{FB141047-D909-4C88-85DF-8F14E6E2A23B}"
EndProject
Project("{FAE04EC0-301F-11D3-BF4B-00C04F79EFBC}") = "WoWsShipBuilder.Common", "WoWsShipBuilder.Common\WoWsShipBuilder.Common.csproj", "{5236BCFD-053A-40AC-A919-11A0381FD7A9}"
EndProject
Project("{FAE04EC0-301F-11D3-BF4B-00C04F79EFBC}") = "WoWsShipBuilder.Common.Test", "WoWsShipBuilder.Common.Test\WoWsShipBuilder.Common.Test.csproj", "{ADF8F4FA-286D-42FE-B5D2-E3FBEBE3732A}"
EndProject
Project("{FAE04EC0-301F-11D3-BF4B-00C04F79EFBC}") = "WoWsShipBuilder.Desktop.Test", "WoWsShipBuilder.Desktop.Test\WoWsShipBuilder.Desktop.Test.csproj", "{344A6052-BB97-4E29-A61E-680DC42F644F}"
EndProject
Global
	GlobalSection(SolutionConfigurationPlatforms) = preSolution
		Debug|Any CPU = Debug|Any CPU
		Release|Any CPU = Release|Any CPU
		ReleaseTest|Any CPU = ReleaseTest|Any CPU
	EndGlobalSection
	GlobalSection(ProjectConfigurationPlatforms) = postSolution
		{EEF97171-B405-488E-A45D-DCDF8DCF0761}.Debug|Any CPU.ActiveCfg = Debug|Any CPU
		{EEF97171-B405-488E-A45D-DCDF8DCF0761}.Debug|Any CPU.Build.0 = Debug|Any CPU
		{EEF97171-B405-488E-A45D-DCDF8DCF0761}.Release|Any CPU.ActiveCfg = Release|Any CPU
		{EEF97171-B405-488E-A45D-DCDF8DCF0761}.Release|Any CPU.Build.0 = Release|Any CPU
		{EEF97171-B405-488E-A45D-DCDF8DCF0761}.ReleaseTest|Any CPU.ActiveCfg = Release|Any CPU
		{EEF97171-B405-488E-A45D-DCDF8DCF0761}.ReleaseTest|Any CPU.Build.0 = Release|Any CPU
		{282ECA58-2A33-40FC-9CD8-773E093BF8FD}.Debug|Any CPU.ActiveCfg = Debug|Any CPU
		{282ECA58-2A33-40FC-9CD8-773E093BF8FD}.Release|Any CPU.ActiveCfg = Release|Any CPU
		{282ECA58-2A33-40FC-9CD8-773E093BF8FD}.ReleaseTest|Any CPU.ActiveCfg = Release|Any CPU
		{282ECA58-2A33-40FC-9CD8-773E093BF8FD}.ReleaseTest|Any CPU.Build.0 = Release|Any CPU
		{D0FAB2EE-BAD4-4A7A-B9AD-1FC1565E13CC}.Debug|Any CPU.ActiveCfg = Debug|Any CPU
		{D0FAB2EE-BAD4-4A7A-B9AD-1FC1565E13CC}.Debug|Any CPU.Build.0 = Debug|Any CPU
		{D0FAB2EE-BAD4-4A7A-B9AD-1FC1565E13CC}.Release|Any CPU.ActiveCfg = Release|Any CPU
		{D0FAB2EE-BAD4-4A7A-B9AD-1FC1565E13CC}.Release|Any CPU.Build.0 = Release|Any CPU
		{D0FAB2EE-BAD4-4A7A-B9AD-1FC1565E13CC}.ReleaseTest|Any CPU.ActiveCfg = Debug|Any CPU
		{D0FAB2EE-BAD4-4A7A-B9AD-1FC1565E13CC}.ReleaseTest|Any CPU.Build.0 = Debug|Any CPU
		{EB9B20AB-09DC-447C-948F-ABEB0E240E7B}.Debug|Any CPU.ActiveCfg = Debug|Any CPU
		{EB9B20AB-09DC-447C-948F-ABEB0E240E7B}.Debug|Any CPU.Build.0 = Debug|Any CPU
		{EB9B20AB-09DC-447C-948F-ABEB0E240E7B}.Release|Any CPU.ActiveCfg = Release|Any CPU
		{EB9B20AB-09DC-447C-948F-ABEB0E240E7B}.Release|Any CPU.Build.0 = Release|Any CPU
		{EB9B20AB-09DC-447C-948F-ABEB0E240E7B}.ReleaseTest|Any CPU.ActiveCfg = Debug|Any CPU
		{EB9B20AB-09DC-447C-948F-ABEB0E240E7B}.ReleaseTest|Any CPU.Build.0 = Debug|Any CPU
		{20ECB4C1-F0B2-48D5-B3A5-0684C0F9705C}.Debug|Any CPU.ActiveCfg = Debug|Any CPU
		{20ECB4C1-F0B2-48D5-B3A5-0684C0F9705C}.Debug|Any CPU.Build.0 = Debug|Any CPU
		{20ECB4C1-F0B2-48D5-B3A5-0684C0F9705C}.Release|Any CPU.ActiveCfg = Release|Any CPU
		{20ECB4C1-F0B2-48D5-B3A5-0684C0F9705C}.Release|Any CPU.Build.0 = Release|Any CPU
		{20ECB4C1-F0B2-48D5-B3A5-0684C0F9705C}.ReleaseTest|Any CPU.ActiveCfg = Debug|Any CPU
		{20ECB4C1-F0B2-48D5-B3A5-0684C0F9705C}.ReleaseTest|Any CPU.Build.0 = Debug|Any CPU
		{0D42323B-A853-4968-94B2-4BD6C8CC3103}.Debug|Any CPU.ActiveCfg = Debug|Any CPU
		{0D42323B-A853-4968-94B2-4BD6C8CC3103}.Debug|Any CPU.Build.0 = Debug|Any CPU
		{0D42323B-A853-4968-94B2-4BD6C8CC3103}.Release|Any CPU.ActiveCfg = Release|Any CPU
		{0D42323B-A853-4968-94B2-4BD6C8CC3103}.Release|Any CPU.Build.0 = Release|Any CPU
		{0D42323B-A853-4968-94B2-4BD6C8CC3103}.ReleaseTest|Any CPU.ActiveCfg = Debug|Any CPU
		{0D42323B-A853-4968-94B2-4BD6C8CC3103}.ReleaseTest|Any CPU.Build.0 = Debug|Any CPU
		{FB141047-D909-4C88-85DF-8F14E6E2A23B}.Debug|Any CPU.ActiveCfg = Debug|Any CPU
		{FB141047-D909-4C88-85DF-8F14E6E2A23B}.Debug|Any CPU.Build.0 = Debug|Any CPU
		{FB141047-D909-4C88-85DF-8F14E6E2A23B}.Release|Any CPU.ActiveCfg = Release|Any CPU
		{FB141047-D909-4C88-85DF-8F14E6E2A23B}.Release|Any CPU.Build.0 = Release|Any CPU
		{FB141047-D909-4C88-85DF-8F14E6E2A23B}.ReleaseTest|Any CPU.ActiveCfg = Debug|Any CPU
		{FB141047-D909-4C88-85DF-8F14E6E2A23B}.ReleaseTest|Any CPU.Build.0 = Debug|Any CPU
		{5236BCFD-053A-40AC-A919-11A0381FD7A9}.Debug|Any CPU.ActiveCfg = Debug|Any CPU
		{5236BCFD-053A-40AC-A919-11A0381FD7A9}.Debug|Any CPU.Build.0 = Debug|Any CPU
		{5236BCFD-053A-40AC-A919-11A0381FD7A9}.Release|Any CPU.ActiveCfg = Release|Any CPU
		{5236BCFD-053A-40AC-A919-11A0381FD7A9}.Release|Any CPU.Build.0 = Release|Any CPU
		{5236BCFD-053A-40AC-A919-11A0381FD7A9}.ReleaseTest|Any CPU.ActiveCfg = Debug|Any CPU
		{5236BCFD-053A-40AC-A919-11A0381FD7A9}.ReleaseTest|Any CPU.Build.0 = Debug|Any CPU
		{ADF8F4FA-286D-42FE-B5D2-E3FBEBE3732A}.Debug|Any CPU.ActiveCfg = Debug|Any CPU
		{ADF8F4FA-286D-42FE-B5D2-E3FBEBE3732A}.Debug|Any CPU.Build.0 = Debug|Any CPU
		{ADF8F4FA-286D-42FE-B5D2-E3FBEBE3732A}.Release|Any CPU.ActiveCfg = Release|Any CPU
		{ADF8F4FA-286D-42FE-B5D2-E3FBEBE3732A}.Release|Any CPU.Build.0 = Release|Any CPU
		{ADF8F4FA-286D-42FE-B5D2-E3FBEBE3732A}.ReleaseTest|Any CPU.ActiveCfg = Debug|Any CPU
		{ADF8F4FA-286D-42FE-B5D2-E3FBEBE3732A}.ReleaseTest|Any CPU.Build.0 = Debug|Any CPU
		{344A6052-BB97-4E29-A61E-680DC42F644F}.Debug|Any CPU.ActiveCfg = Debug|Any CPU
		{344A6052-BB97-4E29-A61E-680DC42F644F}.Debug|Any CPU.Build.0 = Debug|Any CPU
		{344A6052-BB97-4E29-A61E-680DC42F644F}.Release|Any CPU.ActiveCfg = Release|Any CPU
		{344A6052-BB97-4E29-A61E-680DC42F644F}.Release|Any CPU.Build.0 = Release|Any CPU
		{344A6052-BB97-4E29-A61E-680DC42F644F}.ReleaseTest|Any CPU.ActiveCfg = Debug|Any CPU
		{344A6052-BB97-4E29-A61E-680DC42F644F}.ReleaseTest|Any CPU.Build.0 = Debug|Any CPU
	EndGlobalSection
EndGlobal
