
Microsoft Visual Studio Solution File, Format Version 12.00
Project("{FAE04EC0-301F-11D3-BF4B-00C04F79EFBC}") = "WoWsShipBuilder.UI", "WoWsShipBuilder.UI\WoWsShipBuilder.UI.csproj", "{EEF97171-B405-488E-A45D-DCDF8DCF0761}"
EndProject
Project("{2150E333-8FDC-42A3-9474-1A3956D46DE8}") = "Configs", "Configs", "{0F126505-29E2-4212-ABA2-877D806875FA}"
ProjectSection(SolutionItems) = preProject
	.editorconfig = .editorconfig
	.gitignore = .gitignore
	stylecop.json = stylecop.json
EndProjectSection
EndProject
Project("{2150E333-8FDC-42A3-9474-1A3956D46DE8}") = "Docs", "Docs", "{43EE144D-CA52-44D5-B761-A27C0A37E1C5}"
ProjectSection(SolutionItems) = preProject
	LICENSE = LICENSE
	README.md = README.md
EndProjectSection
EndProject
Project("{FAE04EC0-301F-11D3-BF4B-00C04F79EFBC}") = "WoWsShipBuilder.Core", "WoWsShipBuilder.Core\WoWsShipBuilder.Core.csproj", "{40CA0E08-60F8-4C3F-B2D3-30BF3033A67C}"
EndProject
Project("{FAE04EC0-301F-11D3-BF4B-00C04F79EFBC}") = "WoWsShipBuilder.Core.Test", "WoWsShipBuilder.Core.Test\WoWsShipBuilder.Core.Test.csproj", "{696D5003-8412-411E-B4C6-ADC85FB1C54B}"
EndProject
Global
	GlobalSection(SolutionConfigurationPlatforms) = preSolution
		Debug|Any CPU = Debug|Any CPU
		Release|Any CPU = Release|Any CPU
	EndGlobalSection
	GlobalSection(ProjectConfigurationPlatforms) = postSolution
		{EEF97171-B405-488E-A45D-DCDF8DCF0761}.Debug|Any CPU.ActiveCfg = Debug|Any CPU
		{EEF97171-B405-488E-A45D-DCDF8DCF0761}.Debug|Any CPU.Build.0 = Debug|Any CPU
		{EEF97171-B405-488E-A45D-DCDF8DCF0761}.Release|Any CPU.ActiveCfg = Release|Any CPU
		{EEF97171-B405-488E-A45D-DCDF8DCF0761}.Release|Any CPU.Build.0 = Release|Any CPU
		{40CA0E08-60F8-4C3F-B2D3-30BF3033A67C}.Debug|Any CPU.ActiveCfg = Debug|Any CPU
		{40CA0E08-60F8-4C3F-B2D3-30BF3033A67C}.Debug|Any CPU.Build.0 = Debug|Any CPU
		{40CA0E08-60F8-4C3F-B2D3-30BF3033A67C}.Release|Any CPU.ActiveCfg = Release|Any CPU
		{40CA0E08-60F8-4C3F-B2D3-30BF3033A67C}.Release|Any CPU.Build.0 = Release|Any CPU
		{696D5003-8412-411E-B4C6-ADC85FB1C54B}.Debug|Any CPU.ActiveCfg = Debug|Any CPU
		{696D5003-8412-411E-B4C6-ADC85FB1C54B}.Debug|Any CPU.Build.0 = Debug|Any CPU
		{696D5003-8412-411E-B4C6-ADC85FB1C54B}.Release|Any CPU.ActiveCfg = Release|Any CPU
		{696D5003-8412-411E-B4C6-ADC85FB1C54B}.Release|Any CPU.Build.0 = Release|Any CPU
	EndGlobalSection
EndGlobal
